
Microsoft Visual Studio Solution File, Format Version 12.00
# Visual Studio Version 17
VisualStudioVersion = 17.7.34202.233
MinimumVisualStudioVersion = 10.0.40219.1
Project("{FAE04EC0-301F-11D3-BF4B-00C04F79EFBC}") = "Test_10.25", "Test_10.25\Test_10.25.csproj", "{B38DABB8-4C89-443E-AC3E-72EECEEAB2C0}"
EndProject
Global
	GlobalSection(SolutionConfigurationPlatforms) = preSolution
		Debug|Any CPU = Debug|Any CPU
		Release|Any CPU = Release|Any CPU
	EndGlobalSection
	GlobalSection(ProjectConfigurationPlatforms) = postSolution
		{B38DABB8-4C89-443E-AC3E-72EECEEAB2C0}.Debug|Any CPU.ActiveCfg = Debug|Any CPU
		{B38DABB8-4C89-443E-AC3E-72EECEEAB2C0}.Debug|Any CPU.Build.0 = Debug|Any CPU
		{B38DABB8-4C89-443E-AC3E-72EECEEAB2C0}.Release|Any CPU.ActiveCfg = Release|Any CPU
		{B38DABB8-4C89-443E-AC3E-72EECEEAB2C0}.Release|Any CPU.Build.0 = Release|Any CPU
	EndGlobalSection
	GlobalSection(SolutionProperties) = preSolution
		HideSolutionNode = FALSE
	EndGlobalSection
	GlobalSection(ExtensibilityGlobals) = postSolution
		SolutionGuid = {2EF00D18-13EA-40AB-80C0-9D82E6E4B502}
	EndGlobalSection
EndGlobal
